
Microsoft Visual Studio Solution File, Format Version 12.00
# Visual Studio 15
VisualStudioVersion = 15.0.28010.2041
MinimumVisualStudioVersion = 10.0.40219.1
Project("{FAE04EC0-301F-11D3-BF4B-00C04F79EFBC}") = "DispatchCameraUploader", "DispatchCameraUploader\DispatchCameraUploader.csproj", "{E9F51840-0211-44E1-8C52-5DC92622A41A}"
EndProject
Project("{2150E333-8FDC-42A3-9474-1A3956D46DE8}") = "Solution Items", "Solution Items", "{F5079375-DF30-4CC3-B43B-9D9C1852BB38}"
EndProject
Global
	GlobalSection(SolutionConfigurationPlatforms) = preSolution
		Debug|Any CPU = Debug|Any CPU
		Release|Any CPU = Release|Any CPU
	EndGlobalSection
	GlobalSection(ProjectConfigurationPlatforms) = postSolution
		{E9F51840-0211-44E1-8C52-5DC92622A41A}.Debug|Any CPU.ActiveCfg = Debug|Any CPU
		{E9F51840-0211-44E1-8C52-5DC92622A41A}.Debug|Any CPU.Build.0 = Debug|Any CPU
		{E9F51840-0211-44E1-8C52-5DC92622A41A}.Release|Any CPU.ActiveCfg = Release|Any CPU
		{E9F51840-0211-44E1-8C52-5DC92622A41A}.Release|Any CPU.Build.0 = Release|Any CPU
	EndGlobalSection
	GlobalSection(SolutionProperties) = preSolution
		HideSolutionNode = FALSE
	EndGlobalSection
	GlobalSection(ExtensibilityGlobals) = postSolution
		SolutionGuid = {CD3EE163-D0F2-4818-978B-E90C1295CE6E}
	EndGlobalSection
EndGlobal
